
Microsoft Visual Studio Solution File, Format Version 12.00
# Visual Studio Version 17
VisualStudioVersion = 17.5.002.0
MinimumVisualStudioVersion = 10.0.40219.1
Project("{9A19103F-16F7-4668-BE54-9A1E7A4F7556}") = "SchoolClient", "SchoolClient.csproj", "{FADA41C2-40AB-4EB9-912E-F6582531E56E}"
EndProject
Global
	GlobalSection(SolutionConfigurationPlatforms) = preSolution
		Debug|Any CPU = Debug|Any CPU
		Release|Any CPU = Release|Any CPU
	EndGlobalSection
	GlobalSection(ProjectConfigurationPlatforms) = postSolution
		{FADA41C2-40AB-4EB9-912E-F6582531E56E}.Debug|Any CPU.ActiveCfg = Debug|Any CPU
		{FADA41C2-40AB-4EB9-912E-F6582531E56E}.Debug|Any CPU.Build.0 = Debug|Any CPU
		{FADA41C2-40AB-4EB9-912E-F6582531E56E}.Release|Any CPU.ActiveCfg = Release|Any CPU
		{FADA41C2-40AB-4EB9-912E-F6582531E56E}.Release|Any CPU.Build.0 = Release|Any CPU
	EndGlobalSection
	GlobalSection(SolutionProperties) = preSolution
		HideSolutionNode = FALSE
	EndGlobalSection
	GlobalSection(ExtensibilityGlobals) = postSolution
		SolutionGuid = {875970FE-5DFD-4813-B28A-52DF69E3CF10}
	EndGlobalSection
EndGlobal
